{
  "version": 4,
  "terraform_version": "1.13.5",
  "serial": 10,
  "lineage": "efa41997-ac68-5f19-241f-17cbed44acc7",
  "outputs": {},
  "resources": [
    {
      "mode": "managed",
      "type": "local_file",
      "name": "local-demo",
      "provider": "provider[\"registry.terraform.io/hashicorp/local\"]",
      "instances": [
        {
          "schema_version": 0,
          "attributes": {
            "content": "Welcome to Terraform IAC",
            "content_base64": null,
            "content_base64sha256": "KG+wwxfkPwKW5pgofJL5O+QCB4PotLd5g/ZfPJUJZbQ=",
            "content_base64sha512": "7XexR+ALvawSJtVcrXUcyxjCVKS2clLwvrZp4mXgBGm0XDVrw3hYQqQ3g9zHtfiZj0AFMCaX4zXx0BRkvQ32lg==",
            "content_md5": "eea0faf5079709fa1985734661c9314a",
            "content_sha1": "fb13cf59d14a39a96323d9ad0543f744aebae31d",
            "content_sha256": "286fb0c317e43f0296e698287c92f93be4020783e8b4b77983f65f3c950965b4",
            "content_sha512": "ed77b147e00bbdac1226d55cad751ccb18c254a4b67252f0beb669e265e00469b45c356bc3785842a43783dcc7b5f8998f4005302697e335f1d01464bd0df696",
            "directory_permission": "0777",
            "file_permission": "0777",
            "filename": "/Users/apple/Desktop/terraform-practice/data.txt",
            "id": "fb13cf59d14a39a96323d9ad0543f744aebae31d",
            "sensitive_content": null,
            "source": null
          },
          "sensitive_attributes": [
            [
              {
                "type": "get_attr",
                "value": "sensitive_content"
              }
            ]
          ],
          "identity_schema_version": 0
        }
      ]
    }
  ],
  "check_results": null
}
