{
  "version": 4,
  "terraform_version": "1.13.5",
  "serial": 17,
  "lineage": "efa41997-ac68-5f19-241f-17cbed44acc7",
  "outputs": {},
  "resources": [
    {
      "mode": "managed",
      "type": "local_file",
      "name": "local-demo-1",
      "provider": "provider[\"registry.terraform.io/hashicorp/local\"]",
      "instances": [
        {
          "schema_version": 0,
          "attributes": {
            "content": "Welcome to Terraform IAC",
            "content_base64": null,
            "content_base64sha256": "KG+wwxfkPwKW5pgofJL5O+QCB4PotLd5g/ZfPJUJZbQ=",
            "content_base64sha512": "7XexR+ALvawSJtVcrXUcyxjCVKS2clLwvrZp4mXgBGm0XDVrw3hYQqQ3g9zHtfiZj0AFMCaX4zXx0BRkvQ32lg==",
            "content_md5": "eea0faf5079709fa1985734661c9314a",
            "content_sha1": "fb13cf59d14a39a96323d9ad0543f744aebae31d",
            "content_sha256": "286fb0c317e43f0296e698287c92f93be4020783e8b4b77983f65f3c950965b4",
            "content_sha512": "ed77b147e00bbdac1226d55cad751ccb18c254a4b67252f0beb669e265e00469b45c356bc3785842a43783dcc7b5f8998f4005302697e335f1d01464bd0df696",
            "directory_permission": "0777",
            "file_permission": "0700",
            "filename": "/Users/apple/Desktop/terraform-practice/data.txt",
            "id": "fb13cf59d14a39a96323d9ad0543f744aebae31d",
            "sensitive_content": null,
            "source": null
          },
          "sensitive_attributes": [
            [
              {
                "type": "get_attr",
                "value": "sensitive_content"
              }
            ]
          ],
          "identity_schema_version": 0
        }
      ]
    },
    {
      "mode": "managed",
      "type": "local_file",
      "name": "local-demo-2",
      "provider": "provider[\"registry.terraform.io/hashicorp/local\"]",
      "instances": [
        {
          "schema_version": 0,
          "attributes": {
            "content": "I am Sanchitha Udana Wijesundara",
            "content_base64": null,
            "content_base64sha256": "Xa0Xs95P5nP1vlX44ARzBEBUTwPR0Dct+cKvPSmuAn4=",
            "content_base64sha512": "QftRUlw0Bje/D24dF0CCN6nLW4eQyyrfeEWhyqudhCKv1nJYzgIR1zb935YRf3gCNhOVQzrXujBulj6QarQArQ==",
            "content_md5": "0775d3b28a31882d67df9081c952e7d6",
            "content_sha1": "2abb4f5babe39922949c1de132288b86bdb60020",
            "content_sha256": "5dad17b3de4fe673f5be55f8e004730440544f03d1d0372df9c2af3d29ae027e",
            "content_sha512": "41fb51525c340637bf0f6e1d17408237a9cb5b8790cb2adf7845a1caab9d8422afd67258ce0211d736fddf96117f7802361395433ad7ba306e963e906ab400ad",
            "directory_permission": "0777",
            "file_permission": "0777",
            "filename": "/Users/apple/Desktop/terraform-practice/demo.txt",
            "id": "2abb4f5babe39922949c1de132288b86bdb60020",
            "sensitive_content": null,
            "source": null
          },
          "sensitive_attributes": [
            [
              {
                "type": "get_attr",
                "value": "sensitive_content"
              }
            ]
          ],
          "identity_schema_version": 0
        }
      ]
    }
  ],
  "check_results": null
}
