{
  "version": 4,
  "terraform_version": "1.10.1",
  "serial": 9,
  "lineage": "70c24af1-71de-b637-7892-2a2a315586d3",
  "outputs": {},
  "resources": [
    {
      "mode": "managed",
      "type": "local_file",
      "name": "pet",
      "provider": "provider[\"registry.terraform.io/hashicorp/local\"]",
      "instances": [
        {
          "schema_version": 0,
          "attributes": {
            "content": "My pet is a Cat!",
            "content_base64": null,
            "content_base64sha256": "m29lMBO5x+OymhNwSFC5QnybnccLSs0oavDnt1eEvUA=",
            "content_base64sha512": "ZfX8rtHTr9MT9HAmwNgoP9HOZO8vT/eXT5NMHOPLGDam3k7GZrDz6RFWywgrvqPHqjvkBN7gyOg5fMnFlTRGtA==",
            "content_md5": "a1384bc93a4b1a2ce67e959e0c3e52e8",
            "content_sha1": "4c523a64c8d12a3e4c9fb0922d412f7030961c23",
            "content_sha256": "9b6f653013b9c7e3b29a13704850b9427c9b9dc70b4acd286af0e7b75784bd40",
            "content_sha512": "65f5fcaed1d3afd313f47026c0d8283fd1ce64ef2f4ff7974f934c1ce3cb1836a6de4ec666b0f3e91156cb082bbea3c7aa3be404dee0c8e8397cc9c5953446b4",
            "directory_permission": "0777",
            "file_permission": "0700",
            "filename": "/Users/apple/Desktop/terraform-practice/pets.txt",
            "id": "4c523a64c8d12a3e4c9fb0922d412f7030961c23",
            "sensitive_content": null,
            "source": null
          },
          "sensitive_attributes": [
            [
              {
                "type": "get_attr",
                "value": "sensitive_content"
              }
            ]
          ]
        }
      ]
    },
    {
      "mode": "managed",
      "type": "random_pet",
      "name": "my-pet",
      "provider": "provider[\"registry.terraform.io/hashicorp/random\"]",
      "instances": [
        {
          "schema_version": 0,
          "attributes": {
            "id": "Mr.dynamic.camel",
            "keepers": null,
            "length": 2,
            "prefix": "Mr",
            "separator": "."
          },
          "sensitive_attributes": []
        }
      ]
    }
  ],
  "check_results": null
}
