{
  "version": 4,
  "terraform_version": "1.10.1",
  "serial": 15,
  "lineage": "70c24af1-71de-b637-7892-2a2a315586d3",
  "outputs": {},
  "resources": [
    {
      "mode": "managed",
      "type": "local_file",
      "name": "pet",
      "provider": "provider[\"registry.terraform.io/hashicorp/local\"]",
      "instances": [
        {
          "schema_version": 0,
          "attributes": {
            "content": "My pet is a cat and he is very cute",
            "content_base64": null,
            "content_base64sha256": "sBp4gi3aQlYMN/n4rRUh6bUt5opuaGxUEUWF3rOP8ho=",
            "content_base64sha512": "MSlWqXDlDExYTLjF3iOV6fLg2+2k1AiXERpYHqzce0NIWcA5ECv6RpjhWMRkaBJaYqY80MSNoIvjAiNDMLSRMQ==",
            "content_md5": "65314a97763b5d0f41ec56dacdf1913a",
            "content_sha1": "fd89371ef6b395aac58f14c87889607cd7eb4252",
            "content_sha256": "b01a78822dda42560c37f9f8ad1521e9b52de68a6e686c54114585deb38ff21a",
            "content_sha512": "312956a970e50c4c584cb8c5de2395e9f2e0dbeda4d40897111a581eacdc7b434859c039102bfa4698e158c46468125a62a63cd0c48da08be302234330b49131",
            "directory_permission": "0777",
            "file_permission": "0700",
            "filename": "/Users/apple/Desktop/terraform-practice/pets.txt",
            "id": "fd89371ef6b395aac58f14c87889607cd7eb4252",
            "sensitive_content": null,
            "source": null
          },
          "sensitive_attributes": [
            [
              {
                "type": "get_attr",
                "value": "sensitive_content"
              }
            ]
          ]
        }
      ]
    },
    {
      "mode": "managed",
      "type": "random_pet",
      "name": "my-pet",
      "provider": "provider[\"registry.terraform.io/hashicorp/random\"]",
      "instances": [
        {
          "schema_version": 0,
          "attributes": {
            "id": "Mrs.crack.crane",
            "keepers": null,
            "length": 2,
            "prefix": "Mrs",
            "separator": "."
          },
          "sensitive_attributes": []
        }
      ]
    }
  ],
  "check_results": null
}
