{
  "version": 4,
  "terraform_version": "1.10.1",
  "serial": 18,
  "lineage": "70c24af1-71de-b637-7892-2a2a315586d3",
  "outputs": {},
  "resources": [
    {
      "mode": "managed",
      "type": "local_file",
      "name": "pet",
      "provider": "provider[\"registry.terraform.io/hashicorp/local\"]",
      "instances": [
        {
          "schema_version": 0,
          "attributes": {
            "content": "my pet is Mr Kitty",
            "content_base64": null,
            "content_base64sha256": "HiFz51F7jHFjVBVO5+CqOgM6dd/UshHV97GVdmFd+Uw=",
            "content_base64sha512": "1BVuczFXCryymAgRq+gbEM4EsxJ4pIc4yCkLoU21+5ZRiMvyaGihyS3hgFUsBH9XryM/lSkfZMUucS9K0Kk09g==",
            "content_md5": "6f61cad3fe5a02c7f61be1c071f8f607",
            "content_sha1": "6951353c8a284f70a87a9ff05c1ef3a3d669ec2e",
            "content_sha256": "1e2173e7517b8c716354154ee7e0aa3a033a75dfd4b211d5f7b19576615df94c",
            "content_sha512": "d4156e7331570abcb2980811abe81b10ce04b31278a48738c8290ba14db5fb965188cbf26868a1c92de180552c047f57af233f95291f64c52e712f4ad0a934f6",
            "directory_permission": "0777",
            "file_permission": "0700",
            "filename": "/Users/apple/Desktop/terraform-practice/pets.txt",
            "id": "6951353c8a284f70a87a9ff05c1ef3a3d669ec2e",
            "sensitive_content": null,
            "source": null
          },
          "sensitive_attributes": [
            [
              {
                "type": "get_attr",
                "value": "sensitive_content"
              }
            ]
          ]
        }
      ]
    },
    {
      "mode": "managed",
      "type": "random_pet",
      "name": "my-pet",
      "provider": "provider[\"registry.terraform.io/hashicorp/random\"]",
      "instances": [
        {
          "schema_version": 0,
          "attributes": {
            "id": "Mrs.crack.crane",
            "keepers": null,
            "length": 2,
            "prefix": "Mrs",
            "separator": "."
          },
          "sensitive_attributes": []
        }
      ]
    }
  ],
  "check_results": null
}
