{
  "version": 4,
  "terraform_version": "1.13.5",
  "serial": 4,
  "lineage": "6d25f92e-5b43-546f-b4a4-94bcaa34a232",
  "outputs": {},
  "resources": [
    {
      "mode": "managed",
      "type": "local_file",
      "name": "variable",
      "provider": "provider[\"registry.terraform.io/hashicorp/local\"]",
      "instances": [
        {
          "schema_version": 0,
          "attributes": {
            "content": "i am variable tf",
            "content_base64": null,
            "content_base64sha256": "Bs9VX6FIrGgGGlL/3ywbZzw/jI3JedTS5FVnhHIMMT8=",
            "content_base64sha512": "SmbZYnfIXPR22nW47PTM9PY7oGQSvJ+d0j6Xj4Jm5O7Y54rOLlcYSsZLYwdOadPEMVlY8/LVTb0AmRFbfg3ztg==",
            "content_md5": "31a4f0553124fe9c05461b8c8ba79763",
            "content_sha1": "c6d63a228a408796e2a1d28496fcb218d84842dd",
            "content_sha256": "06cf555fa148ac68061a52ffdf2c1b673c3f8c8dc979d4d2e4556784720c313f",
            "content_sha512": "4a66d96277c85cf476da75b8ecf4ccf4f63ba06412bc9f9dd23e978f8266e4eed8e78ace2e57184ac64b63074e69d3c4315958f3f2d54dbd0099115b7e0df3b6",
            "directory_permission": "0777",
            "file_permission": "0777",
            "filename": "./test001.txt",
            "id": "c6d63a228a408796e2a1d28496fcb218d84842dd",
            "sensitive_content": null,
            "source": null
          },
          "sensitive_attributes": [
            [
              {
                "type": "get_attr",
                "value": "sensitive_content"
              }
            ]
          ],
          "identity_schema_version": 0
        }
      ]
    }
  ],
  "check_results": null
}
